
Microsoft Visual Studio Solution File, Format Version 12.00
# Visual Studio Version 16
VisualStudioVersion = 16.0.29001.49
MinimumVisualStudioVersion = 10.0.40219.1
Project("{FAE04EC0-301F-11D3-BF4B-00C04F79EFBC}") = "TrainingTimer", "TrainingTimer\TrainingTimer.csproj", "{CAB51359-033F-46BA-9C91-7624381DB019}"
EndProject
Global
	GlobalSection(SolutionConfigurationPlatforms) = preSolution
		Debug|Any CPU = Debug|Any CPU
		Release|Any CPU = Release|Any CPU
	EndGlobalSection
	GlobalSection(ProjectConfigurationPlatforms) = postSolution
		{CAB51359-033F-46BA-9C91-7624381DB019}.Debug|Any CPU.ActiveCfg = Debug|Any CPU
		{CAB51359-033F-46BA-9C91-7624381DB019}.Debug|Any CPU.Build.0 = Debug|Any CPU
		{CAB51359-033F-46BA-9C91-7624381DB019}.Release|Any CPU.ActiveCfg = Release|Any CPU
		{CAB51359-033F-46BA-9C91-7624381DB019}.Release|Any CPU.Build.0 = Release|Any CPU
	EndGlobalSection
	GlobalSection(SolutionProperties) = preSolution
		HideSolutionNode = FALSE
	EndGlobalSection
	GlobalSection(ExtensibilityGlobals) = postSolution
		SolutionGuid = {E63A11E4-FE36-4AAD-8B61-578E42A13A81}
	EndGlobalSection
EndGlobal
